PODS:
  - AFNetworking (3.0.4):
    - AFNetworking/NSURLSession (= 3.0.4)
    - AFNetworking/Reachability (= 3.0.4)
    - AFNetworking/Security (= 3.0.4)
    - AFNetworking/Serialization (= 3.0.4)
    - AFNetworking/UIKit (= 3.0.4)
  - AFNetworking/NSURLSession (3.0.4):
    - AFNetworking/Reachability
    - AFNetworking/Security
    - AFNetworking/Serialization
  - AFNetworking/Reachability (3.0.4)
  - AFNetworking/Security (3.0.4)
  - AFNetworking/Serialization (3.0.4)
  - AFNetworking/UIKit (3.0.4):
    - AFNetworking/NSURLSession
  - MRProgress (0.8.4):
    - MRProgress/ActivityIndicator (= 0.8.4)
    - MRProgress/Blur (= 0.8.4)
    - MRProgress/Circular (= 0.8.4)
    - MRProgress/Icons (= 0.8.4)
    - MRProgress/NavigationBarProgress (= 0.8.4)
    - MRProgress/Overlay (= 0.8.4)
  - MRProgress/ActivityIndicator (0.8.4):
    - MRProgress/Stopable
  - MRProgress/AFNetworking (0.8.4):
    - MRProgress/AFNetworking/ActivityIndicator (= 0.8.4)
    - MRProgress/AFNetworking/Base (= 0.8.4)
    - MRProgress/AFNetworking/Circular (= 0.8.4)
    - MRProgress/AFNetworking/NavigationBarProgress (= 0.8.4)
    - MRProgress/AFNetworking/Overlay (= 0.8.4)
    - MRProgress/AFNetworking/ProgressBaseClass (= 0.8.4)
  - MRProgress/AFNetworking/ActivityIndicator (0.8.4):
    - MRProgress/ActivityIndicator
    - MRProgress/AFNetworking/Base
  - MRProgress/AFNetworking/Base (0.8.4):
    - AFNetworking (~> 3.0.4)
    - AFNetworking/UIKit
    - MRProgress/MethodCopier
  - MRProgress/AFNetworking/Circular (0.8.4):
    - MRProgress/AFNetworking/ProgressBaseClass
  - MRProgress/AFNetworking/NavigationBarProgress (0.8.4):
    - MRProgress/AFNetworking/ProgressBaseClass
  - MRProgress/AFNetworking/Overlay (0.8.4):
    - MRProgress/AFNetworking/ActivityIndicator
    - MRProgress/AFNetworking/Base
    - MRProgress/AFNetworking/Circular
    - MRProgress/Overlay
  - MRProgress/AFNetworking/ProgressBaseClass (0.8.4):
    - MRProgress/AFNetworking/Base
    - MRProgress/ProgressBaseClass
  - MRProgress/Blur (0.8.4):
    - MRProgress/Helper
  - MRProgress/Circular (0.8.4):
    - MRProgress/Helper
    - MRProgress/ProgressBaseClass
    - MRProgress/Stopable
  - MRProgress/Helper (0.8.4)
  - MRProgress/Icons (0.8.4)
  - MRProgress/MethodCopier (0.8.4)
  - MRProgress/NavigationBarProgress (0.8.4):
    - MRProgress/ProgressBaseClass
  - MRProgress/Overlay (0.8.4):
    - MRProgress/ActivityIndicator
    - MRProgress/Blur
    - MRProgress/Circular
    - MRProgress/Helper
    - MRProgress/Icons
  - MRProgress/ProgressBaseClass (0.8.4)
  - MRProgress/Stopable (0.8.4):
    - MRProgress/Helper

DEPENDENCIES:
  - AFNetworking
  - MRProgress (from `.`)
  - MRProgress/AFNetworking (from `.`)

EXTERNAL SOURCES:
  MRProgress:
    :path: "."

SPEC CHECKSUMS:
  AFNetworking: a0075feb321559dc78d9d85b55d11caa19eabb93
  MRProgress: c46874bfe43394ed1c8dc138f386b52870355c9f

PODFILE CHECKSUM: fad5282a080fb6d1a4dc1bce869787ca58421150

COCOAPODS: 1.2.1
