PODS:
  - AFNetworking (2.2.1):
    - AFNetworking/NSURLConnection
    - AFNetworking/NSURLSession
    - AFNetworking/Reachability
    - AFNetworking/Security
    - AFNetworking/Serialization
    - AFNetworking/UIKit
  - AFNetworking/NSURLConnection (2.2.1):
    - AFNetworking/Reachability
    - AFNetworking/Security
    - AFNetworking/Serialization
  - AFNetworking/NSURLSession (2.2.1):
    - AFNetworking/NSURLConnection
  - AFNetworking/Reachability (2.2.1)
  - AFNetworking/Security (2.2.1)
  - AFNetworking/Serialization (2.2.1)
  - AFNetworking/UIKit (2.2.1):
    - AFNetworking/NSURLConnection
    - AFNetworking/NSURLSession
  - MRProgress (0.5.1):
    - MRProgress/ActivityIndicator
    - MRProgress/Blur
    - MRProgress/Circular
    - MRProgress/Helper
    - MRProgress/Icons
    - MRProgress/MessageInterceptor
    - MRProgress/MethodCopier
    - MRProgress/NavigationBarProgress
    - MRProgress/Overlay
    - MRProgress/ProgressBaseClass
    - MRProgress/Stopable
    - MRProgress/WeakProxy
  - MRProgress/ActivityIndicator (0.5.1):
    - MRProgress/Stopable
  - MRProgress/Blur (0.5.1):
    - MRProgress/Helper
  - MRProgress/Circular (0.5.1):
    - MRProgress/Helper
    - MRProgress/ProgressBaseClass
    - MRProgress/Stopable
  - MRProgress/Helper (0.5.1)
  - MRProgress/Icons (0.5.1)
  - MRProgress/MessageInterceptor (0.5.1)
  - MRProgress/MethodCopier (0.5.1)
  - MRProgress/NavigationBarProgress (0.5.1):
    - MRProgress/ProgressBaseClass
  - MRProgress/Overlay (0.5.1):
    - MRProgress/ActivityIndicator
    - MRProgress/Blur
    - MRProgress/Circular
    - MRProgress/Helper
    - MRProgress/Icons
  - MRProgress/ProgressBaseClass (0.5.1)
  - MRProgress/Stopable (0.5.1):
    - MRProgress/Helper
  - MRProgress/WeakProxy (0.5.1)

DEPENDENCIES:
  - AFNetworking
  - AFNetworking/UIKit (= 2.2.1)
  - MRProgress (from `.`)

EXTERNAL SOURCES:
  MRProgress:
    :path: .

SPEC CHECKSUMS:
  AFNetworking: 8dde8c8a6597ad95dac332a593c27e541bc87371
  MRProgress: cf24f1d1b449c87745ef5fcc781abb4a37a32ba1

COCOAPODS: 0.33.1
