// !$*UTF8*$!
{
	archiveVersion = 1;
	classes = {
	};
	objectVersion = 46;
	objects = {

/* Begin PBXBuildFile section */
		7111E5B81806116B00016A43 /* aquarium-fish1.jpg in Resources */ = {isa = PBXBuildFile; fileRef = 7111E5B71806116B00016A43 /* aquarium-fish1.jpg */; };
		71135B79197D296800BE73F2 /* MRAppearanceViewController.m in Sources */ = {isa = PBXBuildFile; fileRef = 71135B78197D296800BE73F2 /* MRAppearanceViewController.m */; };
		711417391976ABC4005A1DAD /* MRAFNetworkingSupportViewController.m in Sources */ = {isa = PBXBuildFile; fileRef = 711417381976ABC4005A1DAD /* MRAFNetworkingSupportViewController.m */; };
		71B0F8B5197967EC000DE699 /* MRAFNetworkingSupportOperationViewController.m in Sources */ = {isa = PBXBuildFile; fileRef = 71B0F8B4197967EC000DE699 /* MRAFNetworkingSupportOperationViewController.m */; };
		71E898CF1814506B0035F290 /* MRActivityIndicatorViewController.m in Sources */ = {isa = PBXBuildFile; fileRef = 71E898CE1814506B0035F290 /* MRActivityIndicatorViewController.m */; };
		71E898D2181451710035F290 /* MRColorPaletteViewController.m in Sources */ = {isa = PBXBuildFile; fileRef = 71E898D1181451710035F290 /* MRColorPaletteViewController.m */; };
		71E898D518158B450035F290 /* MRCircularProgressViewController.m in Sources */ = {isa = PBXBuildFile; fileRef = 71E898D418158B450035F290 /* MRCircularProgressViewController.m */; };
		71EC36711805BB7100C85C5B /* Foundation.framework in Frameworks */ = {isa = PBXBuildFile; fileRef = 71EC36701805BB7100C85C5B /* Foundation.framework */; };
		71EC36751805BB7100C85C5B /* UIKit.framework in Frameworks */ = {isa = PBXBuildFile; fileRef = 71EC36741805BB7100C85C5B /* UIKit.framework */; };
		71EC367B1805BB7100C85C5B /* InfoPlist.strings in Resources */ = {isa = PBXBuildFile; fileRef = 71EC36791805BB7100C85C5B /* InfoPlist.strings */; };
		71EC367D1805BB7100C85C5B /* main.m in Sources */ = {isa = PBXBuildFile; fileRef = 71EC367C1805BB7100C85C5B /* main.m */; };
		71EC36811805BB7100C85C5B /* MRAppDelegate.m in Sources */ = {isa = PBXBuildFile; fileRef = 71EC36801805BB7100C85C5B /* MRAppDelegate.m */; };
		71EC36841805BB7100C85C5B /* Main_iPhone.storyboard in Resources */ = {isa = PBXBuildFile; fileRef = 71EC36821805BB7100C85C5B /* Main_iPhone.storyboard */; };
		71EC368A1805BB7100C85C5B /* MRNavigationBarProgressViewController.m in Sources */ = {isa = PBXBuildFile; fileRef = 71EC36891805BB7100C85C5B /* MRNavigationBarProgressViewController.m */; };
		71EC368F1805BB7100C85C5B /* Images.xcassets in Resources */ = {isa = PBXBuildFile; fileRef = 71EC368E1805BB7100C85C5B /* Images.xcassets */; };
		71EC36BA1805D94500C85C5B /* MRProgressOverlayTableViewController.m in Sources */ = {isa = PBXBuildFile; fileRef = 71EC36B91805D94500C85C5B /* MRProgressOverlayTableViewController.m */; };
		71ECDA1C19B5447A00F86877 /* MRStopButtonMinHitAreaViewController.m in Sources */ = {isa = PBXBuildFile; fileRef = 71ECDA1B19B5447A00F86877 /* MRStopButtonMinHitAreaViewController.m */; };
		71F50A3C181895D200FF4B8E /* MRProgressOverlayViewController.m in Sources */ = {isa = PBXBuildFile; fileRef = 71F50A3B181895D200FF4B8E /* MRProgressOverlayViewController.m */; };
		D93A6441ABA44EEBB39D49F5 /* libPods-Example.a in Frameworks */ = {isa = PBXBuildFile; fileRef = B9C56F06180F46F3898B5A94 /* libPods-Example.a */; };
/* End PBXBuildFile section */

/* Begin PBXFileReference section */
		2C88F7051F85E59D81751313 /* Pods-Example.debug.xcconfig */ = {isa = PBXFileReference; includeInIndex = 1; lastKnownFileType = text.xcconfig; name = "Pods-Example.debug.xcconfig"; path = "Pods/Target Support Files/Pods-Example/Pods-Example.debug.xcconfig"; sourceTree = "<group>"; };
		7111E5B71806116B00016A43 /* aquarium-fish1.jpg */ = {isa = PBXFileReference; lastKnownFileType = image.jpeg; path = "aquarium-fish1.jpg"; sourceTree = "<group>"; };
		71135B77197D296800BE73F2 /* MRAppearanceViewController.h */ = {isa = PBXFileReference; fileEncoding = 4; lastKnownFileType = sourcecode.c.h; path = MRAppearanceViewController.h; sourceTree = "<group>"; };
		71135B78197D296800BE73F2 /* MRAppearanceViewController.m */ = {isa = PBXFileReference; fileEncoding = 4; lastKnownFileType = sourcecode.c.objc; path = MRAppearanceViewController.m; sourceTree = "<group>"; };
		711417371976ABC4005A1DAD /* MRAFNetworkingSupportViewController.h */ = {isa = PBXFileReference; fileEncoding = 4; lastKnownFileType = sourcecode.c.h; path = MRAFNetworkingSupportViewController.h; sourceTree = "<group>"; };
		711417381976ABC4005A1DAD /* MRAFNetworkingSupportViewController.m */ = {isa = PBXFileReference; fileEncoding = 4; lastKnownFileType = sourcecode.c.objc; path = MRAFNetworkingSupportViewController.m; sourceTree = "<group>"; };
		71B0F8B3197967EC000DE699 /* MRAFNetworkingSupportOperationViewController.h */ = {isa = PBXFileReference; fileEncoding = 4; lastKnownFileType = sourcecode.c.h; path = MRAFNetworkingSupportOperationViewController.h; sourceTree = "<group>"; };
		71B0F8B4197967EC000DE699 /* MRAFNetworkingSupportOperationViewController.m */ = {isa = PBXFileReference; fileEncoding = 4; lastKnownFileType = sourcecode.c.objc; path = MRAFNetworkingSupportOperationViewController.m; sourceTree = "<group>"; };
		71E898CD1814506B0035F290 /* MRActivityIndicatorViewController.h */ = {isa = PBXFileReference; fileEncoding = 4; lastKnownFileType = sourcecode.c.h; path = MRActivityIndicatorViewController.h; sourceTree = "<group>"; };
		71E898CE1814506B0035F290 /* MRActivityIndicatorViewController.m */ = {isa = PBXFileReference; fileEncoding = 4; lastKnownFileType = sourcecode.c.objc; path = MRActivityIndicatorViewController.m; sourceTree = "<group>"; };
		71E898D0181451710035F290 /* MRColorPaletteViewController.h */ = {isa = PBXFileReference; fileEncoding = 4; lastKnownFileType = sourcecode.c.h; path = MRColorPaletteViewController.h; sourceTree = "<group>"; };
		71E898D1181451710035F290 /* MRColorPaletteViewController.m */ = {isa = PBXFileReference; fileEncoding = 4; lastKnownFileType = sourcecode.c.objc; path = MRColorPaletteViewController.m; sourceTree = "<group>"; };
		71E898D318158B450035F290 /* MRCircularProgressViewController.h */ = {isa = PBXFileReference; fileEncoding = 4; lastKnownFileType = sourcecode.c.h; path = MRCircularProgressViewController.h; sourceTree = "<group>"; };
		71E898D418158B450035F290 /* MRCircularProgressViewController.m */ = {isa = PBXFileReference; fileEncoding = 4; lastKnownFileType = sourcecode.c.objc; path = MRCircularProgressViewController.m; sourceTree = "<group>"; };
		71EC366D1805BB7100C85C5B /* Example.app */ = {isa = PBXFileReference; explicitFileType = wrapper.application; includeInIndex = 0; path = Example.app; sourceTree = BUILT_PRODUCTS_DIR; };
		71EC36701805BB7100C85C5B /* Foundation.framework */ = {isa = PBXFileReference; lastKnownFileType = wrapper.framework; name = Foundation.framework; path = System/Library/Frameworks/Foundation.framework; sourceTree = SDKROOT; };
		71EC36741805BB7100C85C5B /* UIKit.framework */ = {isa = PBXFileReference; lastKnownFileType = wrapper.framework; name = UIKit.framework; path = System/Library/Frameworks/UIKit.framework; sourceTree = SDKROOT; };
		71EC36781805BB7100C85C5B /* Example-Info.plist */ = {isa = PBXFileReference; lastKnownFileType = text.plist.xml; path = "Example-Info.plist"; sourceTree = "<group>"; };
		71EC367A1805BB7100C85C5B /* en */ = {isa = PBXFileReference; lastKnownFileType = text.plist.strings; name = en; path = en.lproj/InfoPlist.strings; sourceTree = "<group>"; };
		71EC367C1805BB7100C85C5B /* main.m */ = {isa = PBXFileReference; lastKnownFileType = sourcecode.c.objc; path = main.m; sourceTree = "<group>"; };
		71EC367E1805BB7100C85C5B /* Example-Prefix.pch */ = {isa = PBXFileReference; lastKnownFileType = sourcecode.c.h; path = "Example-Prefix.pch"; sourceTree = "<group>"; };
		71EC367F1805BB7100C85C5B /* MRAppDelegate.h */ = {isa = PBXFileReference; lastKnownFileType = sourcecode.c.h; path = MRAppDelegate.h; sourceTree = "<group>"; };
		71EC36801805BB7100C85C5B /* MRAppDelegate.m */ = {isa = PBXFileReference; lastKnownFileType = sourcecode.c.objc; path = MRAppDelegate.m; sourceTree = "<group>"; };
		71EC36831805BB7100C85C5B /* Base */ = {isa = PBXFileReference; lastKnownFileType = file.storyboard; name = Base; path = Base.lproj/Main_iPhone.storyboard; sourceTree = "<group>"; };
		71EC36881805BB7100C85C5B /* MRNavigationBarProgressViewController.h */ = {isa = PBXFileReference; lastKnownFileType = sourcecode.c.h; path = MRNavigationBarProgressViewController.h; sourceTree = "<group>"; };
		71EC36891805BB7100C85C5B /* MRNavigationBarProgressViewController.m */ = {isa = PBXFileReference; lastKnownFileType = sourcecode.c.objc; path = MRNavigationBarProgressViewController.m; sourceTree = "<group>"; };
		71EC368E1805BB7100C85C5B /* Images.xcassets */ = {isa = PBXFileReference; lastKnownFileType = folder.assetcatalog; path = Images.xcassets; sourceTree = "<group>"; };
		71EC36B81805D94500C85C5B /* MRProgressOverlayTableViewController.h */ = {isa = PBXFileReference; fileEncoding = 4; lastKnownFileType = sourcecode.c.h; path = MRProgressOverlayTableViewController.h; sourceTree = "<group>"; };
		71EC36B91805D94500C85C5B /* MRProgressOverlayTableViewController.m */ = {isa = PBXFileReference; fileEncoding = 4; lastKnownFileType = sourcecode.c.objc; path = MRProgressOverlayTableViewController.m; sourceTree = "<group>"; };
		71ECDA1A19B5447A00F86877 /* MRStopButtonMinHitAreaViewController.h */ = {isa = PBXFileReference; fileEncoding = 4; lastKnownFileType = sourcecode.c.h; path = MRStopButtonMinHitAreaViewController.h; sourceTree = "<group>"; };
		71ECDA1B19B5447A00F86877 /* MRStopButtonMinHitAreaViewController.m */ = {isa = PBXFileReference; fileEncoding = 4; lastKnownFileType = sourcecode.c.objc; path = MRStopButtonMinHitAreaViewController.m; sourceTree = "<group>"; };
		71F50A3A181895D200FF4B8E /* MRProgressOverlayViewController.h */ = {isa = PBXFileReference; fileEncoding = 4; lastKnownFileType = sourcecode.c.h; path = MRProgressOverlayViewController.h; sourceTree = "<group>"; };
		71F50A3B181895D200FF4B8E /* MRProgressOverlayViewController.m */ = {isa = PBXFileReference; fileEncoding = 4; lastKnownFileType = sourcecode.c.objc; path = MRProgressOverlayViewController.m; sourceTree = "<group>"; };
		885A8F96CD2456C8A8217560 /* Pods-Example.release.xcconfig */ = {isa = PBXFileReference; includeInIndex = 1; lastKnownFileType = text.xcconfig; name = "Pods-Example.release.xcconfig"; path = "Pods/Target Support Files/Pods-Example/Pods-Example.release.xcconfig"; sourceTree = "<group>"; };
		B9C56F06180F46F3898B5A94 /* libPods-Example.a */ = {isa = PBXFileReference; explicitFileType = archive.ar; includeInIndex = 0; path = "libPods-Example.a"; sourceTree = BUILT_PRODUCTS_DIR; };
/* End PBXFileReference section */

/* Begin PBXFrameworksBuildPhase section */
		71EC366A1805BB7100C85C5B /* Frameworks */ = {
			isa = PBXFrameworksBuildPhase;
			buildActionMask = 2147483647;
			files = (
				71EC36751805BB7100C85C5B /* UIKit.framework in Frameworks */,
				71EC36711805BB7100C85C5B /* Foundation.framework in Frameworks */,
				D93A6441ABA44EEBB39D49F5 /* libPods-Example.a in Frameworks */,
			);
			runOnlyForDeploymentPostprocessing = 0;
		};
/* End PBXFrameworksBuildPhase section */

/* Begin PBXGroup section */
		71EC36641805BB7100C85C5B = {
			isa = PBXGroup;
			children = (
				71EC36761805BB7100C85C5B /* Example */,
				71EC366F1805BB7100C85C5B /* Frameworks */,
				71EC366E1805BB7100C85C5B /* Products */,
				9017475B5255F05B2B6AAD0E /* Pods */,
			);
			sourceTree = "<group>";
		};
		71EC366E1805BB7100C85C5B /* Products */ = {
			isa = PBXGroup;
			children = (
				71EC366D1805BB7100C85C5B /* Example.app */,
			);
			name = Products;
			sourceTree = "<group>";
		};
		71EC366F1805BB7100C85C5B /* Frameworks */ = {
			isa = PBXGroup;
			children = (
				71EC36701805BB7100C85C5B /* Foundation.framework */,
				71EC36741805BB7100C85C5B /* UIKit.framework */,
				B9C56F06180F46F3898B5A94 /* libPods-Example.a */,
			);
			name = Frameworks;
			sourceTree = "<group>";
		};
		71EC36761805BB7100C85C5B /* Example */ = {
			isa = PBXGroup;
			children = (
				71EC367F1805BB7100C85C5B /* MRAppDelegate.h */,
				71EC36801805BB7100C85C5B /* MRAppDelegate.m */,
				7111E5B71806116B00016A43 /* aquarium-fish1.jpg */,
				71EC36821805BB7100C85C5B /* Main_iPhone.storyboard */,
				71E898CD1814506B0035F290 /* MRActivityIndicatorViewController.h */,
				71E898CE1814506B0035F290 /* MRActivityIndicatorViewController.m */,
				711417371976ABC4005A1DAD /* MRAFNetworkingSupportViewController.h */,
				711417381976ABC4005A1DAD /* MRAFNetworkingSupportViewController.m */,
				71B0F8B3197967EC000DE699 /* MRAFNetworkingSupportOperationViewController.h */,
				71B0F8B4197967EC000DE699 /* MRAFNetworkingSupportOperationViewController.m */,
				71135B77197D296800BE73F2 /* MRAppearanceViewController.h */,
				71135B78197D296800BE73F2 /* MRAppearanceViewController.m */,
				71E898D318158B450035F290 /* MRCircularProgressViewController.h */,
				71E898D418158B450035F290 /* MRCircularProgressViewController.m */,
				71E898D0181451710035F290 /* MRColorPaletteViewController.h */,
				71E898D1181451710035F290 /* MRColorPaletteViewController.m */,
				71EC36881805BB7100C85C5B /* MRNavigationBarProgressViewController.h */,
				71EC36891805BB7100C85C5B /* MRNavigationBarProgressViewController.m */,
				71F50A3A181895D200FF4B8E /* MRProgressOverlayViewController.h */,
				71F50A3B181895D200FF4B8E /* MRProgressOverlayViewController.m */,
				71EC36B81805D94500C85C5B /* MRProgressOverlayTableViewController.h */,
				71EC36B91805D94500C85C5B /* MRProgressOverlayTableViewController.m */,
				71ECDA1A19B5447A00F86877 /* MRStopButtonMinHitAreaViewController.h */,
				71ECDA1B19B5447A00F86877 /* MRStopButtonMinHitAreaViewController.m */,
				71EC368E1805BB7100C85C5B /* Images.xcassets */,
				71EC36771805BB7100C85C5B /* Supporting Files */,
			);
			path = Example;
			sourceTree = "<group>";
		};
		71EC36771805BB7100C85C5B /* Supporting Files */ = {
			isa = PBXGroup;
			children = (
				71EC36781805BB7100C85C5B /* Example-Info.plist */,
				71EC36791805BB7100C85C5B /* InfoPlist.strings */,
				71EC367C1805BB7100C85C5B /* main.m */,
				71EC367E1805BB7100C85C5B /* Example-Prefix.pch */,
			);
			name = "Supporting Files";
			sourceTree = "<group>";
		};
		9017475B5255F05B2B6AAD0E /* Pods */ = {
			isa = PBXGroup;
			children = (
				2C88F7051F85E59D81751313 /* Pods-Example.debug.xcconfig */,
				885A8F96CD2456C8A8217560 /* Pods-Example.release.xcconfig */,
			);
			name = Pods;
			sourceTree = "<group>";
		};
/* End PBXGroup section */

/* Begin PBXNativeTarget section */
		71EC366C1805BB7100C85C5B /* Example */ = {
			isa = PBXNativeTarget;
			buildConfigurationList = 71EC36A51805BB7100C85C5B /* Build configuration list for PBXNativeTarget "Example" */;
			buildPhases = (
				B5EB04A316D14F988BD3BB1C /* Check Pods Manifest.lock */,
				71EC36691805BB7100C85C5B /* Sources */,
				71EC366A1805BB7100C85C5B /* Frameworks */,
				71EC366B1805BB7100C85C5B /* Resources */,
				59523FE5D1114D918DBA2915 /* Copy Pods Resources */,
			);
			buildRules = (
			);
			dependencies = (
			);
			name = Example;
			productName = MRNavigationControllerProgressBar;
			productReference = 71EC366D1805BB7100C85C5B /* Example.app */;
			productType = "com.apple.product-type.application";
		};
/* End PBXNativeTarget section */

/* Begin PBXProject section */
		71EC36651805BB7100C85C5B /* Project object */ = {
			isa = PBXProject;
			attributes = {
				CLASSPREFIX = MR;
				LastUpgradeCheck = 0610;
				ORGANIZATIONNAME = "Marius Rackwitz";
			};
			buildConfigurationList = 71EC36681805BB7100C85C5B /* Build configuration list for PBXProject "Example" */;
			compatibilityVersion = "Xcode 3.2";
			developmentRegion = English;
			hasScannedForEncodings = 0;
			knownRegions = (
				en,
				Base,
			);
			mainGroup = 71EC36641805BB7100C85C5B;
			productRefGroup = 71EC366E1805BB7100C85C5B /* Products */;
			projectDirPath = "";
			projectRoot = "";
			targets = (
				71EC366C1805BB7100C85C5B /* Example */,
			);
		};
/* End PBXProject section */

/* Begin PBXResourcesBuildPhase section */
		71EC366B1805BB7100C85C5B /* Resources */ = {
			isa = PBXResourcesBuildPhase;
			buildActionMask = 2147483647;
			files = (
				71EC368F1805BB7100C85C5B /* Images.xcassets in Resources */,
				71EC36841805BB7100C85C5B /* Main_iPhone.storyboard in Resources */,
				7111E5B81806116B00016A43 /* aquarium-fish1.jpg in Resources */,
				71EC367B1805BB7100C85C5B /* InfoPlist.strings in Resources */,
			);
			runOnlyForDeploymentPostprocessing = 0;
		};
/* End PBXResourcesBuildPhase section */

/* Begin PBXShellScriptBuildPhase section */
		59523FE5D1114D918DBA2915 /* Copy Pods Resources */ = {
			isa = PBXShellScriptBuildPhase;
			buildActionMask = 2147483647;
			files = (
			);
			inputPaths = (
			);
			name = "Copy Pods Resources";
			outputPaths = (
			);
			runOnlyForDeploymentPostprocessing = 0;
			shellPath = /bin/sh;
			shellScript = "\"${SRCROOT}/Pods/Target Support Files/Pods-Example/Pods-Example-resources.sh\"\n";
			showEnvVarsInLog = 0;
		};
		B5EB04A316D14F988BD3BB1C /* Check Pods Manifest.lock */ = {
			isa = PBXShellScriptBuildPhase;
			buildActionMask = 2147483647;
			files = (
			);
			inputPaths = (
			);
			name = "Check Pods Manifest.lock";
			outputPaths = (
			);
			runOnlyForDeploymentPostprocessing = 0;
			shellPath = /bin/sh;
			shellScript = "diff \"${PODS_ROOT}/../Podfile.lock\" \"${PODS_ROOT}/Manifest.lock\" > /dev/null\nif [[ $? != 0 ]] ; then\n    cat << EOM\nerror: The sandbox is not in sync with the Podfile.lock. Run 'pod install' or update your CocoaPods installation.\nEOM\n    exit 1\nfi\n";
			showEnvVarsInLog = 0;
		};
/* End PBXShellScriptBuildPhase section */

/* Begin PBXSourcesBuildPhase section */
		71EC36691805BB7100C85C5B /* Sources */ = {
			isa = PBXSourcesBuildPhase;
			buildActionMask = 2147483647;
			files = (
				71B0F8B5197967EC000DE699 /* MRAFNetworkingSupportOperationViewController.m in Sources */,
				71EC367D1805BB7100C85C5B /* main.m in Sources */,
				71EC36811805BB7100C85C5B /* MRAppDelegate.m in Sources */,
				71135B79197D296800BE73F2 /* MRAppearanceViewController.m in Sources */,
				71EC36BA1805D94500C85C5B /* MRProgressOverlayTableViewController.m in Sources */,
				71F50A3C181895D200FF4B8E /* MRProgressOverlayViewController.m in Sources */,
				711417391976ABC4005A1DAD /* MRAFNetworkingSupportViewController.m in Sources */,
				71E898D518158B450035F290 /* MRCircularProgressViewController.m in Sources */,
				71E898CF1814506B0035F290 /* MRActivityIndicatorViewController.m in Sources */,
				71E898D2181451710035F290 /* MRColorPaletteViewController.m in Sources */,
				71EC368A1805BB7100C85C5B /* MRNavigationBarProgressViewController.m in Sources */,
				71ECDA1C19B5447A00F86877 /* MRStopButtonMinHitAreaViewController.m in Sources */,
			);
			runOnlyForDeploymentPostprocessing = 0;
		};
/* End PBXSourcesBuildPhase section */

/* Begin PBXVariantGroup section */
		71EC36791805BB7100C85C5B /* InfoPlist.strings */ = {
			isa = PBXVariantGroup;
			children = (
				71EC367A1805BB7100C85C5B /* en */,
			);
			name = InfoPlist.strings;
			sourceTree = "<group>";
		};
		71EC36821805BB7100C85C5B /* Main_iPhone.storyboard */ = {
			isa = PBXVariantGroup;
			children = (
				71EC36831805BB7100C85C5B /* Base */,
			);
			name = Main_iPhone.storyboard;
			sourceTree = "<group>";
		};
/* End PBXVariantGroup section */

/* Begin XCBuildConfiguration section */
		71EC36A31805BB7100C85C5B /* Debug */ = {
			isa = XCBuildConfiguration;
			buildSettings = {
				ALWAYS_SEARCH_USER_PATHS = NO;
				CLANG_CXX_LANGUAGE_STANDARD = "gnu++0x";
				CLANG_CXX_LIBRARY = "libc++";
				CLANG_ENABLE_MODULES = YES;
				CLANG_ENABLE_OBJC_ARC = YES;
				CLANG_WARN_BOOL_CONVERSION = YES;
				CLANG_WARN_CONSTANT_CONVERSION = YES;
				CLANG_WARN_DIRECT_OBJC_ISA_USAGE = YES_ERROR;
				CLANG_WARN_EMPTY_BODY = YES;
				CLANG_WARN_ENUM_CONVERSION = YES;
				CLANG_WARN_INT_CONVERSION = YES;
				CLANG_WARN_OBJC_ROOT_CLASS = YES_ERROR;
				CLANG_WARN__DUPLICATE_METHOD_MATCH = YES;
				"CODE_SIGN_IDENTITY[sdk=iphoneos*]" = "iPhone Developer";
				COPY_PHASE_STRIP = NO;
				GCC_C_LANGUAGE_STANDARD = gnu99;
				GCC_DYNAMIC_NO_PIC = NO;
				GCC_OPTIMIZATION_LEVEL = 0;
				GCC_PREPROCESSOR_DEFINITIONS = (
					"DEBUG=1",
					"$(inherited)",
				);
				GCC_SYMBOLS_PRIVATE_EXTERN = NO;
				GCC_WARN_64_TO_32_BIT_CONVERSION = YES;
				GCC_WARN_ABOUT_RETURN_TYPE = YES_ERROR;
				GCC_WARN_UNDECLARED_SELECTOR = YES;
				GCC_WARN_UNINITIALIZED_AUTOS = YES;
				GCC_WARN_UNUSED_FUNCTION = YES;
				GCC_WARN_UNUSED_VARIABLE = YES;
				IPHONEOS_DEPLOYMENT_TARGET = 7.0;
				ONLY_ACTIVE_ARCH = YES;
				SDKROOT = iphoneos;
				TARGETED_DEVICE_FAMILY = "1,2";
			};
			name = Debug;
		};
		71EC36A41805BB7100C85C5B /* Release */ = {
			isa = XCBuildConfiguration;
			buildSettings = {
				ALWAYS_SEARCH_USER_PATHS = NO;
				CLANG_CXX_LANGUAGE_STANDARD = "gnu++0x";
				CLANG_CXX_LIBRARY = "libc++";
				CLANG_ENABLE_MODULES = YES;
				CLANG_ENABLE_OBJC_ARC = YES;
				CLANG_WARN_BOOL_CONVERSION = YES;
				CLANG_WARN_CONSTANT_CONVERSION = YES;
				CLANG_WARN_DIRECT_OBJC_ISA_USAGE = YES_ERROR;
				CLANG_WARN_EMPTY_BODY = YES;
				CLANG_WARN_ENUM_CONVERSION = YES;
				CLANG_WARN_INT_CONVERSION = YES;
				CLANG_WARN_OBJC_ROOT_CLASS = YES_ERROR;
				CLANG_WARN__DUPLICATE_METHOD_MATCH = YES;
				"CODE_SIGN_IDENTITY[sdk=iphoneos*]" = "iPhone Developer";
				COPY_PHASE_STRIP = YES;
				ENABLE_NS_ASSERTIONS = NO;
				GCC_C_LANGUAGE_STANDARD = gnu99;
				GCC_WARN_64_TO_32_BIT_CONVERSION = YES;
				GCC_WARN_ABOUT_RETURN_TYPE = YES_ERROR;
				GCC_WARN_UNDECLARED_SELECTOR = YES;
				GCC_WARN_UNINITIALIZED_AUTOS = YES;
				GCC_WARN_UNUSED_FUNCTION = YES;
				GCC_WARN_UNUSED_VARIABLE = YES;
				IPHONEOS_DEPLOYMENT_TARGET = 7.0;
				SDKROOT = iphoneos;
				TARGETED_DEVICE_FAMILY = "1,2";
				VALIDATE_PRODUCT = YES;
			};
			name = Release;
		};
		71EC36A61805BB7100C85C5B /* Debug */ = {
			isa = XCBuildConfiguration;
			baseConfigurationReference = 2C88F7051F85E59D81751313 /* Pods-Example.debug.xcconfig */;
			buildSettings = {
				ASSETCATALOG_COMPILER_APPICON_NAME = AppIcon;
				ASSETCATALOG_COMPILER_LAUNCHIMAGE_NAME = LaunchImage;
				GCC_PRECOMPILE_PREFIX_HEADER = YES;
				GCC_PREFIX_HEADER = "Example/Example-Prefix.pch";
				HEADER_SEARCH_PATHS = (
					"$(inherited)",
					/Applications/Xcode.app/Contents/Developer/Toolchains/XcodeDefault.xctoolchain/usr/include,
					"\"$(SRCROOT)/src\"/**",
				);
				INFOPLIST_FILE = "Example/Example-Info.plist";
				OTHER_LDFLAGS = (
					"$(inherited)",
					"-ObjC",
				);
				PRODUCT_NAME = Example;
				TARGETED_DEVICE_FAMILY = 1;
				WRAPPER_EXTENSION = app;
			};
			name = Debug;
		};
		71EC36A71805BB7100C85C5B /* Release */ = {
			isa = XCBuildConfiguration;
			baseConfigurationReference = 885A8F96CD2456C8A8217560 /* Pods-Example.release.xcconfig */;
			buildSettings = {
				ASSETCATALOG_COMPILER_APPICON_NAME = AppIcon;
				ASSETCATALOG_COMPILER_LAUNCHIMAGE_NAME = LaunchImage;
				GCC_PRECOMPILE_PREFIX_HEADER = YES;
				GCC_PREFIX_HEADER = "Example/Example-Prefix.pch";
				HEADER_SEARCH_PATHS = (
					"$(inherited)",
					/Applications/Xcode.app/Contents/Developer/Toolchains/XcodeDefault.xctoolchain/usr/include,
					"\"$(SRCROOT)/src\"/**",
				);
				INFOPLIST_FILE = "Example/Example-Info.plist";
				OTHER_LDFLAGS = (
					"$(inherited)",
					"-ObjC",
				);
				PRODUCT_NAME = Example;
				TARGETED_DEVICE_FAMILY = 1;
				WRAPPER_EXTENSION = app;
			};
			name = Release;
		};
/* End XCBuildConfiguration section */

/* Begin XCConfigurationList section */
		71EC36681805BB7100C85C5B /* Build configuration list for PBXProject "Example" */ = {
			isa = XCConfigurationList;
			buildConfigurations = (
				71EC36A31805BB7100C85C5B /* Debug */,
				71EC36A41805BB7100C85C5B /* Release */,
			);
			defaultConfigurationIsVisible = 0;
			defaultConfigurationName = Release;
		};
		71EC36A51805BB7100C85C5B /* Build configuration list for PBXNativeTarget "Example" */ = {
			isa = XCConfigurationList;
			buildConfigurations = (
				71EC36A61805BB7100C85C5B /* Debug */,
				71EC36A71805BB7100C85C5B /* Release */,
			);
			defaultConfigurationIsVisible = 0;
			defaultConfigurationName = Release;
		};
/* End XCConfigurationList section */
	};
	rootObject = 71EC36651805BB7100C85C5B /* Project object */;
}
