// !$*UTF8*$!
{
	archiveVersion = 1;
	classes = {
	};
	objectVersion = 46;
	objects = {

/* Begin PBXBuildFile section */
		1594464BC6BF48A88B7F9A6B /* libPods.a in Frameworks */ = {isa = PBXBuildFile; fileRef = 7AF019C9ADBE4EEA962ED766 /* libPods.a */; };
		294E51C11D92360E00476F35 /* MRBlurView.m in Sources */ = {isa = PBXBuildFile; fileRef = 710BD5971817353E00654750 /* MRBlurView.m */; };
		294E51C21D92360E00476F35 /* UIImage+MRImageEffects.m in Sources */ = {isa = PBXBuildFile; fileRef = 710BD5991817353E00654750 /* UIImage+MRImageEffects.m */; };
		294E51C31D92360E00476F35 /* MRActivityIndicatorView.m in Sources */ = {isa = PBXBuildFile; fileRef = 710BD59C1817353E00654750 /* MRActivityIndicatorView.m */; };
		294E51C41D92360E00476F35 /* MRCircularProgressView.m in Sources */ = {isa = PBXBuildFile; fileRef = 710BD59E1817353E00654750 /* MRCircularProgressView.m */; };
		294E51C51D92360E00476F35 /* MRIconView.m in Sources */ = {isa = PBXBuildFile; fileRef = 710BD5A01817353E00654750 /* MRIconView.m */; };
		294E51C61D92360E00476F35 /* MRNavigationBarProgressView.m in Sources */ = {isa = PBXBuildFile; fileRef = 710BD5A41817353E00654750 /* MRNavigationBarProgressView.m */; };
		294E51C71D92360E00476F35 /* MRProgressOverlayView.m in Sources */ = {isa = PBXBuildFile; fileRef = 710BD5A61817353E00654750 /* MRProgressOverlayView.m */; };
		294E51C81D92360E00476F35 /* MRProgressView.m in Sources */ = {isa = PBXBuildFile; fileRef = 717B67D8193A813300829442 /* MRProgressView.m */; };
		294E51C91D92360E00476F35 /* MRStopButton.m in Sources */ = {isa = PBXBuildFile; fileRef = 29CE9678186E0129006006B0 /* MRStopButton.m */; };
		294E51CD1D92361E00476F35 /* MRMessageInterceptor.m in Sources */ = {isa = PBXBuildFile; fileRef = 710BD5A91817353E00654750 /* MRMessageInterceptor.m */; };
		294E51CE1D92361E00476F35 /* MRWeakProxy.m in Sources */ = {isa = PBXBuildFile; fileRef = 710BD5AC1817353E00654750 /* MRWeakProxy.m */; };
		294E51CF1D92361E00476F35 /* MRMethodCopier.m in Sources */ = {isa = PBXBuildFile; fileRef = 717B67D4193A2CC100829442 /* MRMethodCopier.m */; };
		29925DF11D923751009A0191 /* MRProgressView+AFNetworking.m in Sources */ = {isa = PBXBuildFile; fileRef = 717B67CA193A296300829442 /* MRProgressView+AFNetworking.m */; };
		29925DF21D923751009A0191 /* MRMessageInterceptor.m in Sources */ = {isa = PBXBuildFile; fileRef = 710BD5A91817353E00654750 /* MRMessageInterceptor.m */; };
		29925DF31D923751009A0191 /* MRProgressOverlayView.m in Sources */ = {isa = PBXBuildFile; fileRef = 710BD5A61817353E00654750 /* MRProgressOverlayView.m */; };
		29925DF41D923751009A0191 /* MRActivityIndicatorView.m in Sources */ = {isa = PBXBuildFile; fileRef = 710BD59C1817353E00654750 /* MRActivityIndicatorView.m */; };
		29925DF51D923751009A0191 /* MRMethodCopier.m in Sources */ = {isa = PBXBuildFile; fileRef = 717B67D4193A2CC100829442 /* MRMethodCopier.m */; };
		29925DF61D923751009A0191 /* MRProgressView.m in Sources */ = {isa = PBXBuildFile; fileRef = 717B67D8193A813300829442 /* MRProgressView.m */; };
		29925DF71D923751009A0191 /* MRStopButton.m in Sources */ = {isa = PBXBuildFile; fileRef = 29CE9678186E0129006006B0 /* MRStopButton.m */; };
		29925DF81D923751009A0191 /* MRBlurView.m in Sources */ = {isa = PBXBuildFile; fileRef = 710BD5971817353E00654750 /* MRBlurView.m */; };
		29925DF91D923751009A0191 /* MRProgressOverlayView+AFNetworking.m in Sources */ = {isa = PBXBuildFile; fileRef = 717B67CE193A296300829442 /* MRProgressOverlayView+AFNetworking.m */; };
		29925DFA1D923751009A0191 /* UIImage+MRImageEffects.m in Sources */ = {isa = PBXBuildFile; fileRef = 710BD5991817353E00654750 /* UIImage+MRImageEffects.m */; };
		29925DFB1D923751009A0191 /* MRCircularProgressView.m in Sources */ = {isa = PBXBuildFile; fileRef = 710BD59E1817353E00654750 /* MRCircularProgressView.m */; };
		29925DFC1D923751009A0191 /* MRActivityIndicatorView+AFNetworking.m in Sources */ = {isa = PBXBuildFile; fileRef = 717B67C8193A296300829442 /* MRActivityIndicatorView+AFNetworking.m */; };
		29925DFD1D923751009A0191 /* MRWeakProxy.m in Sources */ = {isa = PBXBuildFile; fileRef = 710BD5AC1817353E00654750 /* MRWeakProxy.m */; };
		29925DFE1D923751009A0191 /* MRNavigationBarProgressView.m in Sources */ = {isa = PBXBuildFile; fileRef = 710BD5A41817353E00654750 /* MRNavigationBarProgressView.m */; };
		29925DFF1D923751009A0191 /* MRIconView.m in Sources */ = {isa = PBXBuildFile; fileRef = 710BD5A01817353E00654750 /* MRIconView.m */; };
		29925E0C1D923A99009A0191 /* AFNetworking.framework in Frameworks */ = {isa = PBXBuildFile; fileRef = 29925E0B1D923A99009A0191 /* AFNetworking.framework */; };
		29925E121D924084009A0191 /* MRProgress_AFNetworking.h in Headers */ = {isa = PBXBuildFile; fileRef = 29925E111D924084009A0191 /* MRProgress_AFNetworking.h */; };
		29925E131D924097009A0191 /* MRProgress.h in Headers */ = {isa = PBXBuildFile; fileRef = 7197CEEE18169F470022A19D /* MRProgress.h */; settings = {ATTRIBUTES = (Public, ); }; };
		29925E141D92409C009A0191 /* MRProgress_AFNetworking.h in Headers */ = {isa = PBXBuildFile; fileRef = 29925E111D924084009A0191 /* MRProgress_AFNetworking.h */; settings = {ATTRIBUTES = (Public, ); }; };
		29CE9679186E0129006006B0 /* MRStopButton.h in Headers */ = {isa = PBXBuildFile; fileRef = 29CE9677186E0129006006B0 /* MRStopButton.h */; settings = {ATTRIBUTES = (Public, ); }; };
		29CE967A186E0129006006B0 /* MRStopButton.m in Sources */ = {isa = PBXBuildFile; fileRef = 29CE9678186E0129006006B0 /* MRStopButton.m */; };
		710BD58B1816AD3700654750 /* QuartzCore.framework in Frameworks */ = {isa = PBXBuildFile; fileRef = 710BD58A1816AD3700654750 /* QuartzCore.framework */; };
		710BD5AD1817353E00654750 /* MRBlurView.h in Headers */ = {isa = PBXBuildFile; fileRef = 710BD5961817353E00654750 /* MRBlurView.h */; settings = {ATTRIBUTES = (Public, ); }; };
		710BD5AE1817353E00654750 /* MRBlurView.m in Sources */ = {isa = PBXBuildFile; fileRef = 710BD5971817353E00654750 /* MRBlurView.m */; };
		710BD5AF1817353E00654750 /* UIImage+MRImageEffects.h in Headers */ = {isa = PBXBuildFile; fileRef = 710BD5981817353E00654750 /* UIImage+MRImageEffects.h */; settings = {ATTRIBUTES = (Public, ); }; };
		710BD5B01817353E00654750 /* UIImage+MRImageEffects.m in Sources */ = {isa = PBXBuildFile; fileRef = 710BD5991817353E00654750 /* UIImage+MRImageEffects.m */; };
		710BD5B11817353E00654750 /* MRActivityIndicatorView.h in Headers */ = {isa = PBXBuildFile; fileRef = 710BD59B1817353E00654750 /* MRActivityIndicatorView.h */; settings = {ATTRIBUTES = (Public, ); }; };
		710BD5B21817353E00654750 /* MRActivityIndicatorView.m in Sources */ = {isa = PBXBuildFile; fileRef = 710BD59C1817353E00654750 /* MRActivityIndicatorView.m */; };
		710BD5B31817353E00654750 /* MRCircularProgressView.h in Headers */ = {isa = PBXBuildFile; fileRef = 710BD59D1817353E00654750 /* MRCircularProgressView.h */; settings = {ATTRIBUTES = (Public, ); }; };
		710BD5B41817353E00654750 /* MRCircularProgressView.m in Sources */ = {isa = PBXBuildFile; fileRef = 710BD59E1817353E00654750 /* MRCircularProgressView.m */; };
		710BD5B51817353E00654750 /* MRIconView.h in Headers */ = {isa = PBXBuildFile; fileRef = 710BD59F1817353E00654750 /* MRIconView.h */; settings = {ATTRIBUTES = (Public, ); }; };
		710BD5B61817353E00654750 /* MRIconView.m in Sources */ = {isa = PBXBuildFile; fileRef = 710BD5A01817353E00654750 /* MRIconView.m */; };
		710BD5B91817353E00654750 /* MRNavigationBarProgressView.h in Headers */ = {isa = PBXBuildFile; fileRef = 710BD5A31817353E00654750 /* MRNavigationBarProgressView.h */; settings = {ATTRIBUTES = (Public, ); }; };
		710BD5BA1817353E00654750 /* MRNavigationBarProgressView.m in Sources */ = {isa = PBXBuildFile; fileRef = 710BD5A41817353E00654750 /* MRNavigationBarProgressView.m */; };
		710BD5BB1817353E00654750 /* MRProgressOverlayView.h in Headers */ = {isa = PBXBuildFile; fileRef = 710BD5A51817353E00654750 /* MRProgressOverlayView.h */; settings = {ATTRIBUTES = (Public, ); }; };
		710BD5BC1817353E00654750 /* MRProgressOverlayView.m in Sources */ = {isa = PBXBuildFile; fileRef = 710BD5A61817353E00654750 /* MRProgressOverlayView.m */; };
		710BD5BD1817353E00654750 /* MRMessageInterceptor.h in Headers */ = {isa = PBXBuildFile; fileRef = 710BD5A81817353E00654750 /* MRMessageInterceptor.h */; settings = {ATTRIBUTES = (Public, ); }; };
		710BD5BE1817353E00654750 /* MRMessageInterceptor.m in Sources */ = {isa = PBXBuildFile; fileRef = 710BD5A91817353E00654750 /* MRMessageInterceptor.m */; };
		710BD5BF1817353E00654750 /* MRProgressHelper.h in Headers */ = {isa = PBXBuildFile; fileRef = 710BD5AA1817353E00654750 /* MRProgressHelper.h */; settings = {ATTRIBUTES = (Public, ); }; };
		710BD5C01817353E00654750 /* MRWeakProxy.h in Headers */ = {isa = PBXBuildFile; fileRef = 710BD5AB1817353E00654750 /* MRWeakProxy.h */; settings = {ATTRIBUTES = (Public, ); }; };
		710BD5C11817353E00654750 /* MRWeakProxy.m in Sources */ = {isa = PBXBuildFile; fileRef = 710BD5AC1817353E00654750 /* MRWeakProxy.m */; };
		717B67CF193A296900829442 /* MRActivityIndicatorView+AFNetworking.m in Sources */ = {isa = PBXBuildFile; fileRef = 717B67C8193A296300829442 /* MRActivityIndicatorView+AFNetworking.m */; };
		717B67D0193A296F00829442 /* MRProgressView+AFNetworking.m in Sources */ = {isa = PBXBuildFile; fileRef = 717B67CA193A296300829442 /* MRProgressView+AFNetworking.m */; };
		717B67D2193A296F00829442 /* MRProgressOverlayView+AFNetworking.m in Sources */ = {isa = PBXBuildFile; fileRef = 717B67CE193A296300829442 /* MRProgressOverlayView+AFNetworking.m */; };
		717B67D5193A2CC100829442 /* MRMethodCopier.h in Headers */ = {isa = PBXBuildFile; fileRef = 717B67D3193A2CC100829442 /* MRMethodCopier.h */; };
		717B67D6193A2CC100829442 /* MRMethodCopier.m in Sources */ = {isa = PBXBuildFile; fileRef = 717B67D4193A2CC100829442 /* MRMethodCopier.m */; };
		717B67D9193A813300829442 /* MRProgressView.h in Headers */ = {isa = PBXBuildFile; fileRef = 717B67D7193A813300829442 /* MRProgressView.h */; };
		717B67DA193A813300829442 /* MRProgressView.m in Sources */ = {isa = PBXBuildFile; fileRef = 717B67D8193A813300829442 /* MRProgressView.m */; };
		7197CEBB18169F210022A19D /* Foundation.framework in Frameworks */ = {isa = PBXBuildFile; fileRef = 7197CEBA18169F210022A19D /* Foundation.framework */; };
		7197CF011816A1A10022A19D /* MRProgress.h in Headers */ = {isa = PBXBuildFile; fileRef = 7197CEEE18169F470022A19D /* MRProgress.h */; settings = {ATTRIBUTES = (Public, ); }; };
		7197CF161816AA6F0022A19D /* Accelerate.framework in Frameworks */ = {isa = PBXBuildFile; fileRef = 7197CF141816AA6F0022A19D /* Accelerate.framework */; };
		7197CF171816AA6F0022A19D /* CoreGraphics.framework in Frameworks */ = {isa = PBXBuildFile; fileRef = 7197CF151816AA6F0022A19D /* CoreGraphics.framework */; };
		7197CF191816AA9A0022A19D /* UIKit.framework in Frameworks */ = {isa = PBXBuildFile; fileRef = 7197CF181816AA9A0022A19D /* UIKit.framework */; };
/* End PBXBuildFile section */

/* Begin PBXFileReference section */
		294E51B91D9235E800476F35 /* MRProgress.framework */ = {isa = PBXFileReference; explicitFileType = wrapper.framework; includeInIndex = 0; path = MRProgress.framework; sourceTree = BUILT_PRODUCTS_DIR; };
		294E51BC1D9235E800476F35 /* MRProgress.plist */ = {isa = PBXFileReference; lastKnownFileType = text.plist.xml; name = MRProgress.plist; path = MRProgress/MRProgress.plist; sourceTree = SOURCE_ROOT; };
		29925E071D923751009A0191 /* MRProgress_AFNetworking.framework */ = {isa = PBXFileReference; explicitFileType = wrapper.framework; includeInIndex = 0; path = MRProgress_AFNetworking.framework; sourceTree = BUILT_PRODUCTS_DIR; };
		29925E0B1D923A99009A0191 /* AFNetworking.framework */ = {isa = PBXFileReference; lastKnownFileType = wrapper.framework; name = AFNetworking.framework; path = Carthage/Build/iOS/AFNetworking.framework; sourceTree = "<group>"; };
		29925E111D924084009A0191 /* MRProgress_AFNetworking.h */ = {isa = PBXFileReference; fileEncoding = 4; lastKnownFileType = sourcecode.c.h; path = MRProgress_AFNetworking.h; sourceTree = "<group>"; };
		299730941881CB520022B27B /* MRStopableView.h */ = {isa = PBXFileReference; lastKnownFileType = sourcecode.c.h; path = MRStopableView.h; sourceTree = "<group>"; };
		29CE9677186E0129006006B0 /* MRStopButton.h */ = {isa = PBXFileReference; fileEncoding = 4; lastKnownFileType = sourcecode.c.h; path = MRStopButton.h; sourceTree = "<group>"; };
		29CE9678186E0129006006B0 /* MRStopButton.m */ = {isa = PBXFileReference; fileEncoding = 4; lastKnownFileType = sourcecode.c.objc; path = MRStopButton.m; sourceTree = "<group>"; };
		5AF8C4C8C426723C443D1946 /* Pods.release.xcconfig */ = {isa = PBXFileReference; includeInIndex = 1; lastKnownFileType = text.xcconfig; name = Pods.release.xcconfig; path = "Pods/Target Support Files/Pods/Pods.release.xcconfig"; sourceTree = "<group>"; };
		710BD58A1816AD3700654750 /* QuartzCore.framework */ = {isa = PBXFileReference; lastKnownFileType = wrapper.framework; name = QuartzCore.framework; path = System/Library/Frameworks/QuartzCore.framework; sourceTree = SDKROOT; };
		710BD5961817353E00654750 /* MRBlurView.h */ = {isa = PBXFileReference; fileEncoding = 4; lastKnownFileType = sourcecode.c.h; path = MRBlurView.h; sourceTree = "<group>"; };
		710BD5971817353E00654750 /* MRBlurView.m */ = {isa = PBXFileReference; fileEncoding = 4; lastKnownFileType = sourcecode.c.objc; path = MRBlurView.m; sourceTree = "<group>"; };
		710BD5981817353E00654750 /* UIImage+MRImageEffects.h */ = {isa = PBXFileReference; fileEncoding = 4; lastKnownFileType = sourcecode.c.h; path = "UIImage+MRImageEffects.h"; sourceTree = "<group>"; };
		710BD5991817353E00654750 /* UIImage+MRImageEffects.m */ = {isa = PBXFileReference; fileEncoding = 4; lastKnownFileType = sourcecode.c.objc; path = "UIImage+MRImageEffects.m"; sourceTree = "<group>"; };
		710BD59B1817353E00654750 /* MRActivityIndicatorView.h */ = {isa = PBXFileReference; fileEncoding = 4; lastKnownFileType = sourcecode.c.h; path = MRActivityIndicatorView.h; sourceTree = "<group>"; };
		710BD59C1817353E00654750 /* MRActivityIndicatorView.m */ = {isa = PBXFileReference; fileEncoding = 4; lastKnownFileType = sourcecode.c.objc; path = MRActivityIndicatorView.m; sourceTree = "<group>"; };
		710BD59D1817353E00654750 /* MRCircularProgressView.h */ = {isa = PBXFileReference; fileEncoding = 4; lastKnownFileType = sourcecode.c.h; path = MRCircularProgressView.h; sourceTree = "<group>"; };
		710BD59E1817353E00654750 /* MRCircularProgressView.m */ = {isa = PBXFileReference; fileEncoding = 4; lastKnownFileType = sourcecode.c.objc; path = MRCircularProgressView.m; sourceTree = "<group>"; };
		710BD59F1817353E00654750 /* MRIconView.h */ = {isa = PBXFileReference; fileEncoding = 4; lastKnownFileType = sourcecode.c.h; path = MRIconView.h; sourceTree = "<group>"; };
		710BD5A01817353E00654750 /* MRIconView.m */ = {isa = PBXFileReference; fileEncoding = 4; lastKnownFileType = sourcecode.c.objc; path = MRIconView.m; sourceTree = "<group>"; };
		710BD5A31817353E00654750 /* MRNavigationBarProgressView.h */ = {isa = PBXFileReference; fileEncoding = 4; lastKnownFileType = sourcecode.c.h; path = MRNavigationBarProgressView.h; sourceTree = "<group>"; };
		710BD5A41817353E00654750 /* MRNavigationBarProgressView.m */ = {isa = PBXFileReference; fileEncoding = 4; lastKnownFileType = sourcecode.c.objc; path = MRNavigationBarProgressView.m; sourceTree = "<group>"; };
		710BD5A51817353E00654750 /* MRProgressOverlayView.h */ = {isa = PBXFileReference; fileEncoding = 4; lastKnownFileType = sourcecode.c.h; path = MRProgressOverlayView.h; sourceTree = "<group>"; };
		710BD5A61817353E00654750 /* MRProgressOverlayView.m */ = {isa = PBXFileReference; fileEncoding = 4; lastKnownFileType = sourcecode.c.objc; path = MRProgressOverlayView.m; sourceTree = "<group>"; };
		710BD5A81817353E00654750 /* MRMessageInterceptor.h */ = {isa = PBXFileReference; fileEncoding = 4; lastKnownFileType = sourcecode.c.h; path = MRMessageInterceptor.h; sourceTree = "<group>"; };
		710BD5A91817353E00654750 /* MRMessageInterceptor.m */ = {isa = PBXFileReference; fileEncoding = 4; lastKnownFileType = sourcecode.c.objc; path = MRMessageInterceptor.m; sourceTree = "<group>"; };
		710BD5AA1817353E00654750 /* MRProgressHelper.h */ = {isa = PBXFileReference; fileEncoding = 4; lastKnownFileType = sourcecode.c.h; path = MRProgressHelper.h; sourceTree = "<group>"; };
		710BD5AB1817353E00654750 /* MRWeakProxy.h */ = {isa = PBXFileReference; fileEncoding = 4; lastKnownFileType = sourcecode.c.h; path = MRWeakProxy.h; sourceTree = "<group>"; };
		710BD5AC1817353E00654750 /* MRWeakProxy.m */ = {isa = PBXFileReference; fileEncoding = 4; lastKnownFileType = sourcecode.c.objc; path = MRWeakProxy.m; sourceTree = "<group>"; };
		711417411976ED7F005A1DAD /* MRProgress.podspec */ = {isa = PBXFileReference; explicitFileType = text.script.ruby; path = MRProgress.podspec; sourceTree = "<group>"; };
		717B67C7193A296300829442 /* MRActivityIndicatorView+AFNetworking.h */ = {isa = PBXFileReference; lastKnownFileType = sourcecode.c.h; path = "MRActivityIndicatorView+AFNetworking.h"; sourceTree = "<group>"; };
		717B67C8193A296300829442 /* MRActivityIndicatorView+AFNetworking.m */ = {isa = PBXFileReference; lastKnownFileType = sourcecode.c.objc; path = "MRActivityIndicatorView+AFNetworking.m"; sourceTree = "<group>"; };
		717B67C9193A296300829442 /* MRProgressView+AFNetworking.h */ = {isa = PBXFileReference; lastKnownFileType = sourcecode.c.h; path = "MRProgressView+AFNetworking.h"; sourceTree = "<group>"; };
		717B67CA193A296300829442 /* MRProgressView+AFNetworking.m */ = {isa = PBXFileReference; lastKnownFileType = sourcecode.c.objc; path = "MRProgressView+AFNetworking.m"; sourceTree = "<group>"; };
		717B67CD193A296300829442 /* MRProgressOverlayView+AFNetworking.h */ = {isa = PBXFileReference; lastKnownFileType = sourcecode.c.h; path = "MRProgressOverlayView+AFNetworking.h"; sourceTree = "<group>"; };
		717B67CE193A296300829442 /* MRProgressOverlayView+AFNetworking.m */ = {isa = PBXFileReference; lastKnownFileType = sourcecode.c.objc; path = "MRProgressOverlayView+AFNetworking.m"; sourceTree = "<group>"; };
		717B67D3193A2CC100829442 /* MRMethodCopier.h */ = {isa = PBXFileReference; fileEncoding = 4; lastKnownFileType = sourcecode.c.h; path = MRMethodCopier.h; sourceTree = "<group>"; };
		717B67D4193A2CC100829442 /* MRMethodCopier.m */ = {isa = PBXFileReference; fileEncoding = 4; lastKnownFileType = sourcecode.c.objc; path = MRMethodCopier.m; sourceTree = "<group>"; };
		717B67D7193A813300829442 /* MRProgressView.h */ = {isa = PBXFileReference; fileEncoding = 4; lastKnownFileType = sourcecode.c.h; path = MRProgressView.h; sourceTree = "<group>"; };
		717B67D8193A813300829442 /* MRProgressView.m */ = {isa = PBXFileReference; fileEncoding = 4; lastKnownFileType = sourcecode.c.objc; path = MRProgressView.m; sourceTree = "<group>"; };
		7197CEB718169F210022A19D /* libMRProgress-Pods.a */ = {isa = PBXFileReference; explicitFileType = archive.ar; includeInIndex = 0; path = "libMRProgress-Pods.a"; sourceTree = BUILT_PRODUCTS_DIR; };
		7197CEBA18169F210022A19D /* Foundation.framework */ = {isa = PBXFileReference; lastKnownFileType = wrapper.framework; name = Foundation.framework; path = System/Library/Frameworks/Foundation.framework; sourceTree = SDKROOT; };
		7197CEBE18169F210022A19D /* MRProgress-Prefix.pch */ = {isa = PBXFileReference; lastKnownFileType = sourcecode.c.h; path = "MRProgress-Prefix.pch"; sourceTree = "<group>"; };
		7197CEEE18169F470022A19D /* MRProgress.h */ = {isa = PBXFileReference; lastKnownFileType = sourcecode.c.h; path = MRProgress.h; sourceTree = "<group>"; };
		7197CF141816AA6F0022A19D /* Accelerate.framework */ = {isa = PBXFileReference; lastKnownFileType = wrapper.framework; name = Accelerate.framework; path = /Applications/Xcode.app/Contents/Developer/Platforms/iPhoneOS.platform/Developer/SDKs/iPhoneOS7.0.sdk/System/Library/Frameworks/Accelerate.framework; sourceTree = "<absolute>"; };
		7197CF151816AA6F0022A19D /* CoreGraphics.framework */ = {isa = PBXFileReference; lastKnownFileType = wrapper.framework; name = CoreGraphics.framework; path = /Applications/Xcode.app/Contents/Developer/Platforms/iPhoneOS.platform/Developer/SDKs/iPhoneOS7.0.sdk/System/Library/Frameworks/CoreGraphics.framework; sourceTree = "<absolute>"; };
		7197CF181816AA9A0022A19D /* UIKit.framework */ = {isa = PBXFileReference; lastKnownFileType = wrapper.framework; name = UIKit.framework; path = System/Library/Frameworks/UIKit.framework; sourceTree = SDKROOT; };
		7AF019C9ADBE4EEA962ED766 /* libPods.a */ = {isa = PBXFileReference; explicitFileType = archive.ar; includeInIndex = 0; path = libPods.a; sourceTree = BUILT_PRODUCTS_DIR; };
		7DEF625A916700BFB602AEF0 /* Pods.debug.xcconfig */ = {isa = PBXFileReference; includeInIndex = 1; lastKnownFileType = text.xcconfig; name = Pods.debug.xcconfig; path = "Pods/Target Support Files/Pods/Pods.debug.xcconfig"; sourceTree = "<group>"; };
/* End PBXFileReference section */

/* Begin PBXFrameworksBuildPhase section */
		294E51B51D9235E800476F35 /* Frameworks */ = {
			isa = PBXFrameworksBuildPhase;
			buildActionMask = 2147483647;
			files = (
			);
			runOnlyForDeploymentPostprocessing = 0;
		};
		29925E001D923751009A0191 /* Frameworks */ = {
			isa = PBXFrameworksBuildPhase;
			buildActionMask = 2147483647;
			files = (
				29925E0C1D923A99009A0191 /* AFNetworking.framework in Frameworks */,
			);
			runOnlyForDeploymentPostprocessing = 0;
		};
		7197CEB418169F210022A19D /* Frameworks */ = {
			isa = PBXFrameworksBuildPhase;
			buildActionMask = 2147483647;
			files = (
				710BD58B1816AD3700654750 /* QuartzCore.framework in Frameworks */,
				7197CF191816AA9A0022A19D /* UIKit.framework in Frameworks */,
				7197CF171816AA6F0022A19D /* CoreGraphics.framework in Frameworks */,
				7197CEBB18169F210022A19D /* Foundation.framework in Frameworks */,
				7197CF161816AA6F0022A19D /* Accelerate.framework in Frameworks */,
				1594464BC6BF48A88B7F9A6B /* libPods.a in Frameworks */,
			);
			runOnlyForDeploymentPostprocessing = 0;
		};
/* End PBXFrameworksBuildPhase section */

/* Begin PBXGroup section */
		710BD5951817353E00654750 /* Blur */ = {
			isa = PBXGroup;
			children = (
				710BD5961817353E00654750 /* MRBlurView.h */,
				710BD5971817353E00654750 /* MRBlurView.m */,
				710BD5981817353E00654750 /* UIImage+MRImageEffects.h */,
				710BD5991817353E00654750 /* UIImage+MRImageEffects.m */,
			);
			path = Blur;
			sourceTree = "<group>";
		};
		710BD59A1817353E00654750 /* Components */ = {
			isa = PBXGroup;
			children = (
				710BD59B1817353E00654750 /* MRActivityIndicatorView.h */,
				710BD59C1817353E00654750 /* MRActivityIndicatorView.m */,
				710BD59D1817353E00654750 /* MRCircularProgressView.h */,
				710BD59E1817353E00654750 /* MRCircularProgressView.m */,
				710BD59F1817353E00654750 /* MRIconView.h */,
				710BD5A01817353E00654750 /* MRIconView.m */,
				710BD5A31817353E00654750 /* MRNavigationBarProgressView.h */,
				710BD5A41817353E00654750 /* MRNavigationBarProgressView.m */,
				710BD5A51817353E00654750 /* MRProgressOverlayView.h */,
				710BD5A61817353E00654750 /* MRProgressOverlayView.m */,
				717B67D7193A813300829442 /* MRProgressView.h */,
				717B67D8193A813300829442 /* MRProgressView.m */,
				299730941881CB520022B27B /* MRStopableView.h */,
				29CE9677186E0129006006B0 /* MRStopButton.h */,
				29CE9678186E0129006006B0 /* MRStopButton.m */,
			);
			path = Components;
			sourceTree = "<group>";
		};
		710BD5A71817353E00654750 /* Utils */ = {
			isa = PBXGroup;
			children = (
				710BD5A81817353E00654750 /* MRMessageInterceptor.h */,
				710BD5A91817353E00654750 /* MRMessageInterceptor.m */,
				710BD5AA1817353E00654750 /* MRProgressHelper.h */,
				710BD5AB1817353E00654750 /* MRWeakProxy.h */,
				710BD5AC1817353E00654750 /* MRWeakProxy.m */,
				717B67D3193A2CC100829442 /* MRMethodCopier.h */,
				717B67D4193A2CC100829442 /* MRMethodCopier.m */,
			);
			path = Utils;
			sourceTree = "<group>";
		};
		717B67C5193A296300829442 /* Support */ = {
			isa = PBXGroup;
			children = (
				717B67C6193A296300829442 /* AFNetworking */,
			);
			path = Support;
			sourceTree = "<group>";
		};
		717B67C6193A296300829442 /* AFNetworking */ = {
			isa = PBXGroup;
			children = (
				717B67C7193A296300829442 /* MRActivityIndicatorView+AFNetworking.h */,
				717B67C8193A296300829442 /* MRActivityIndicatorView+AFNetworking.m */,
				717B67C9193A296300829442 /* MRProgressView+AFNetworking.h */,
				717B67CA193A296300829442 /* MRProgressView+AFNetworking.m */,
				717B67CD193A296300829442 /* MRProgressOverlayView+AFNetworking.h */,
				717B67CE193A296300829442 /* MRProgressOverlayView+AFNetworking.m */,
			);
			path = AFNetworking;
			sourceTree = "<group>";
		};
		7197CEAE18169F210022A19D = {
			isa = PBXGroup;
			children = (
				7197CEF418169F470022A19D /* src */,
				7197CEBC18169F210022A19D /* MRProgress */,
				7197CEB918169F210022A19D /* Frameworks */,
				7197CEB818169F210022A19D /* Products */,
				711417411976ED7F005A1DAD /* MRProgress.podspec */,
				7E3EFD282CC041C41E88780D /* Pods */,
			);
			sourceTree = "<group>";
		};
		7197CEB818169F210022A19D /* Products */ = {
			isa = PBXGroup;
			children = (
				7197CEB718169F210022A19D /* libMRProgress-Pods.a */,
				294E51B91D9235E800476F35 /* MRProgress.framework */,
				29925E071D923751009A0191 /* MRProgress_AFNetworking.framework */,
			);
			name = Products;
			sourceTree = "<group>";
		};
		7197CEB918169F210022A19D /* Frameworks */ = {
			isa = PBXGroup;
			children = (
				29925E0B1D923A99009A0191 /* AFNetworking.framework */,
				710BD58A1816AD3700654750 /* QuartzCore.framework */,
				7197CF181816AA9A0022A19D /* UIKit.framework */,
				7197CF141816AA6F0022A19D /* Accelerate.framework */,
				7197CF151816AA6F0022A19D /* CoreGraphics.framework */,
				7197CEBA18169F210022A19D /* Foundation.framework */,
				7AF019C9ADBE4EEA962ED766 /* libPods.a */,
			);
			name = Frameworks;
			sourceTree = "<group>";
		};
		7197CEBC18169F210022A19D /* MRProgress */ = {
			isa = PBXGroup;
			children = (
				7197CEBD18169F210022A19D /* Supporting Files */,
			);
			path = MRProgress;
			sourceTree = "<group>";
		};
		7197CEBD18169F210022A19D /* Supporting Files */ = {
			isa = PBXGroup;
			children = (
				7197CEBE18169F210022A19D /* MRProgress-Prefix.pch */,
				294E51BC1D9235E800476F35 /* MRProgress.plist */,
			);
			name = "Supporting Files";
			sourceTree = "<group>";
		};
		7197CEF418169F470022A19D /* src */ = {
			isa = PBXGroup;
			children = (
				710BD5951817353E00654750 /* Blur */,
				710BD59A1817353E00654750 /* Components */,
				717B67C5193A296300829442 /* Support */,
				710BD5A71817353E00654750 /* Utils */,
				7197CEEE18169F470022A19D /* MRProgress.h */,
				29925E111D924084009A0191 /* MRProgress_AFNetworking.h */,
			);
			path = src;
			sourceTree = "<group>";
		};
		7E3EFD282CC041C41E88780D /* Pods */ = {
			isa = PBXGroup;
			children = (
				7DEF625A916700BFB602AEF0 /* Pods.debug.xcconfig */,
				5AF8C4C8C426723C443D1946 /* Pods.release.xcconfig */,
			);
			name = Pods;
			sourceTree = "<group>";
		};
/* End PBXGroup section */

/* Begin PBXHeadersBuildPhase section */
		294E51B61D9235E800476F35 /* Headers */ = {
			isa = PBXHeadersBuildPhase;
			buildActionMask = 2147483647;
			files = (
				29925E131D924097009A0191 /* MRProgress.h in Headers */,
			);
			runOnlyForDeploymentPostprocessing = 0;
		};
		29925E011D923751009A0191 /* Headers */ = {
			isa = PBXHeadersBuildPhase;
			buildActionMask = 2147483647;
			files = (
				29925E141D92409C009A0191 /* MRProgress_AFNetworking.h in Headers */,
			);
			runOnlyForDeploymentPostprocessing = 0;
		};
		7197CEF91816A1750022A19D /* Headers */ = {
			isa = PBXHeadersBuildPhase;
			buildActionMask = 2147483647;
			files = (
				710BD5AF1817353E00654750 /* UIImage+MRImageEffects.h in Headers */,
				710BD5AD1817353E00654750 /* MRBlurView.h in Headers */,
				710BD5BF1817353E00654750 /* MRProgressHelper.h in Headers */,
				710BD5B51817353E00654750 /* MRIconView.h in Headers */,
				717B67D5193A2CC100829442 /* MRMethodCopier.h in Headers */,
				29925E121D924084009A0191 /* MRProgress_AFNetworking.h in Headers */,
				710BD5BD1817353E00654750 /* MRMessageInterceptor.h in Headers */,
				710BD5B91817353E00654750 /* MRNavigationBarProgressView.h in Headers */,
				710BD5C01817353E00654750 /* MRWeakProxy.h in Headers */,
				29CE9679186E0129006006B0 /* MRStopButton.h in Headers */,
				717B67D9193A813300829442 /* MRProgressView.h in Headers */,
				710BD5B31817353E00654750 /* MRCircularProgressView.h in Headers */,
				710BD5B11817353E00654750 /* MRActivityIndicatorView.h in Headers */,
				7197CF011816A1A10022A19D /* MRProgress.h in Headers */,
				710BD5BB1817353E00654750 /* MRProgressOverlayView.h in Headers */,
			);
			runOnlyForDeploymentPostprocessing = 0;
		};
/* End PBXHeadersBuildPhase section */

/* Begin PBXNativeTarget section */
		294E51B81D9235E800476F35 /* MRProgress */ = {
			isa = PBXNativeTarget;
			buildConfigurationList = 294E51C01D9235E800476F35 /* Build configuration list for PBXNativeTarget "MRProgress" */;
			buildPhases = (
				294E51B41D9235E800476F35 /* Sources */,
				294E51B51D9235E800476F35 /* Frameworks */,
				294E51B61D9235E800476F35 /* Headers */,
				294E51B71D9235E800476F35 /* Resources */,
			);
			buildRules = (
			);
			dependencies = (
			);
			name = MRProgress;
			productName = "MRProgress-dynamic";
			productReference = 294E51B91D9235E800476F35 /* MRProgress.framework */;
			productType = "com.apple.product-type.framework";
		};
		29925DEF1D923751009A0191 /* MRProgress-AFNetworking */ = {
			isa = PBXNativeTarget;
			buildConfigurationList = 29925E041D923751009A0191 /* Build configuration list for PBXNativeTarget "MRProgress-AFNetworking" */;
			buildPhases = (
				29925DF01D923751009A0191 /* Sources */,
				29925E001D923751009A0191 /* Frameworks */,
				29925E011D923751009A0191 /* Headers */,
				29925E031D923751009A0191 /* Resources */,
			);
			buildRules = (
			);
			dependencies = (
			);
			name = "MRProgress-AFNetworking";
			productName = "MRProgress-dynamic";
			productReference = 29925E071D923751009A0191 /* MRProgress_AFNetworking.framework */;
			productType = "com.apple.product-type.framework";
		};
		7197CEB618169F210022A19D /* MRProgress-Pods */ = {
			isa = PBXNativeTarget;
			buildConfigurationList = 7197CEDA18169F210022A19D /* Build configuration list for PBXNativeTarget "MRProgress-Pods" */;
			buildPhases = (
				EEF68FC34CDA4B7C90ACE8AF /* Check Pods Manifest.lock */,
				7197CEB318169F210022A19D /* Sources */,
				7197CEB418169F210022A19D /* Frameworks */,
				7197CEF91816A1750022A19D /* Headers */,
				B2F560B048334730A993FB57 /* Copy Pods Resources */,
			);
			buildRules = (
			);
			dependencies = (
			);
			name = "MRProgress-Pods";
			productName = MRProgress;
			productReference = 7197CEB718169F210022A19D /* libMRProgress-Pods.a */;
			productType = "com.apple.product-type.library.static";
		};
/* End PBXNativeTarget section */

/* Begin PBXProject section */
		7197CEAF18169F210022A19D /* Project object */ = {
			isa = PBXProject;
			attributes = {
				LastUpgradeCheck = 0710;
				ORGANIZATIONNAME = "Marius Rackwitz";
				TargetAttributes = {
					294E51B81D9235E800476F35 = {
						CreatedOnToolsVersion = 8.0;
						ProvisioningStyle = Automatic;
					};
				};
			};
			buildConfigurationList = 7197CEB218169F210022A19D /* Build configuration list for PBXProject "MRProgress" */;
			compatibilityVersion = "Xcode 3.2";
			developmentRegion = English;
			hasScannedForEncodings = 0;
			knownRegions = (
				en,
			);
			mainGroup = 7197CEAE18169F210022A19D;
			productRefGroup = 7197CEB818169F210022A19D /* Products */;
			projectDirPath = "";
			projectRoot = "";
			targets = (
				7197CEB618169F210022A19D /* MRProgress-Pods */,
				294E51B81D9235E800476F35 /* MRProgress */,
				29925DEF1D923751009A0191 /* MRProgress-AFNetworking */,
			);
		};
/* End PBXProject section */

/* Begin PBXResourcesBuildPhase section */
		294E51B71D9235E800476F35 /* Resources */ = {
			isa = PBXResourcesBuildPhase;
			buildActionMask = 2147483647;
			files = (
			);
			runOnlyForDeploymentPostprocessing = 0;
		};
		29925E031D923751009A0191 /* Resources */ = {
			isa = PBXResourcesBuildPhase;
			buildActionMask = 2147483647;
			files = (
			);
			runOnlyForDeploymentPostprocessing = 0;
		};
/* End PBXResourcesBuildPhase section */

/* Begin PBXShellScriptBuildPhase section */
		B2F560B048334730A993FB57 /* Copy Pods Resources */ = {
			isa = PBXShellScriptBuildPhase;
			buildActionMask = 2147483647;
			files = (
			);
			inputPaths = (
			);
			name = "Copy Pods Resources";
			outputPaths = (
			);
			runOnlyForDeploymentPostprocessing = 0;
			shellPath = /bin/sh;
			shellScript = "\"${SRCROOT}/Pods/Target Support Files/Pods/Pods-resources.sh\"\n";
			showEnvVarsInLog = 0;
		};
		EEF68FC34CDA4B7C90ACE8AF /* Check Pods Manifest.lock */ = {
			isa = PBXShellScriptBuildPhase;
			buildActionMask = 2147483647;
			files = (
			);
			inputPaths = (
			);
			name = "Check Pods Manifest.lock";
			outputPaths = (
			);
			runOnlyForDeploymentPostprocessing = 0;
			shellPath = /bin/sh;
			shellScript = "diff \"${PODS_ROOT}/../Podfile.lock\" \"${PODS_ROOT}/Manifest.lock\" > /dev/null\nif [[ $? != 0 ]] ; then\n    cat << EOM\nerror: The sandbox is not in sync with the Podfile.lock. Run 'pod install' or update your CocoaPods installation.\nEOM\n    exit 1\nfi\n";
			showEnvVarsInLog = 0;
		};
/* End PBXShellScriptBuildPhase section */

/* Begin PBXSourcesBuildPhase section */
		294E51B41D9235E800476F35 /* Sources */ = {
			isa = PBXSourcesBuildPhase;
			buildActionMask = 2147483647;
			files = (
				294E51CD1D92361E00476F35 /* MRMessageInterceptor.m in Sources */,
				294E51C71D92360E00476F35 /* MRProgressOverlayView.m in Sources */,
				294E51C31D92360E00476F35 /* MRActivityIndicatorView.m in Sources */,
				294E51CF1D92361E00476F35 /* MRMethodCopier.m in Sources */,
				294E51C81D92360E00476F35 /* MRProgressView.m in Sources */,
				294E51C91D92360E00476F35 /* MRStopButton.m in Sources */,
				294E51C11D92360E00476F35 /* MRBlurView.m in Sources */,
				294E51C21D92360E00476F35 /* UIImage+MRImageEffects.m in Sources */,
				294E51C41D92360E00476F35 /* MRCircularProgressView.m in Sources */,
				294E51CE1D92361E00476F35 /* MRWeakProxy.m in Sources */,
				294E51C61D92360E00476F35 /* MRNavigationBarProgressView.m in Sources */,
				294E51C51D92360E00476F35 /* MRIconView.m in Sources */,
			);
			runOnlyForDeploymentPostprocessing = 0;
		};
		29925DF01D923751009A0191 /* Sources */ = {
			isa = PBXSourcesBuildPhase;
			buildActionMask = 2147483647;
			files = (
				29925DF11D923751009A0191 /* MRProgressView+AFNetworking.m in Sources */,
				29925DF21D923751009A0191 /* MRMessageInterceptor.m in Sources */,
				29925DF31D923751009A0191 /* MRProgressOverlayView.m in Sources */,
				29925DF41D923751009A0191 /* MRActivityIndicatorView.m in Sources */,
				29925DF51D923751009A0191 /* MRMethodCopier.m in Sources */,
				29925DF61D923751009A0191 /* MRProgressView.m in Sources */,
				29925DF71D923751009A0191 /* MRStopButton.m in Sources */,
				29925DF81D923751009A0191 /* MRBlurView.m in Sources */,
				29925DF91D923751009A0191 /* MRProgressOverlayView+AFNetworking.m in Sources */,
				29925DFA1D923751009A0191 /* UIImage+MRImageEffects.m in Sources */,
				29925DFB1D923751009A0191 /* MRCircularProgressView.m in Sources */,
				29925DFC1D923751009A0191 /* MRActivityIndicatorView+AFNetworking.m in Sources */,
				29925DFD1D923751009A0191 /* MRWeakProxy.m in Sources */,
				29925DFE1D923751009A0191 /* MRNavigationBarProgressView.m in Sources */,
				29925DFF1D923751009A0191 /* MRIconView.m in Sources */,
			);
			runOnlyForDeploymentPostprocessing = 0;
		};
		7197CEB318169F210022A19D /* Sources */ = {
			isa = PBXSourcesBuildPhase;
			buildActionMask = 2147483647;
			files = (
				710BD5BE1817353E00654750 /* MRMessageInterceptor.m in Sources */,
				710BD5C11817353E00654750 /* MRWeakProxy.m in Sources */,
				710BD5BA1817353E00654750 /* MRNavigationBarProgressView.m in Sources */,
				717B67CF193A296900829442 /* MRActivityIndicatorView+AFNetworking.m in Sources */,
				710BD5B61817353E00654750 /* MRIconView.m in Sources */,
				710BD5B21817353E00654750 /* MRActivityIndicatorView.m in Sources */,
				717B67D6193A2CC100829442 /* MRMethodCopier.m in Sources */,
				717B67D0193A296F00829442 /* MRProgressView+AFNetworking.m in Sources */,
				710BD5BC1817353E00654750 /* MRProgressOverlayView.m in Sources */,
				717B67DA193A813300829442 /* MRProgressView.m in Sources */,
				710BD5B01817353E00654750 /* UIImage+MRImageEffects.m in Sources */,
				717B67D2193A296F00829442 /* MRProgressOverlayView+AFNetworking.m in Sources */,
				710BD5AE1817353E00654750 /* MRBlurView.m in Sources */,
				29CE967A186E0129006006B0 /* MRStopButton.m in Sources */,
				710BD5B41817353E00654750 /* MRCircularProgressView.m in Sources */,
			);
			runOnlyForDeploymentPostprocessing = 0;
		};
/* End PBXSourcesBuildPhase section */

/* Begin XCBuildConfiguration section */
		294E51BE1D9235E800476F35 /* Debug */ = {
			isa = XCBuildConfiguration;
			buildSettings = {
				CLANG_ANALYZER_NONNULL = YES;
				CLANG_WARN_DOCUMENTATION_COMMENTS = YES;
				CLANG_WARN_INFINITE_RECURSION = YES;
				CLANG_WARN_SUSPICIOUS_MOVES = YES;
				CLANG_WARN_UNREACHABLE_CODE = YES;
				CODE_SIGN_IDENTITY = "";
				"CODE_SIGN_IDENTITY[sdk=iphoneos*]" = "iPhone Developer";
				CURRENT_PROJECT_VERSION = 1;
				DEBUG_INFORMATION_FORMAT = dwarf;
				DEFINES_MODULE = YES;
				DYLIB_COMPATIBILITY_VERSION = 1;
				DYLIB_CURRENT_VERSION = 1;
				DYLIB_INSTALL_NAME_BASE = "@rpath";
				ENABLE_STRICT_OBJC_MSGSEND = YES;
				GCC_NO_COMMON_BLOCKS = YES;
				GCC_WARN_UNINITIALIZED_AUTOS = YES_AGGRESSIVE;
				INFOPLIST_FILE = MRProgress/MRProgress.plist;
				INSTALL_PATH = "$(LOCAL_LIBRARY_DIR)/Frameworks";
				IPHONEOS_DEPLOYMENT_TARGET = 8.0;
				LD_RUNPATH_SEARCH_PATHS = "$(inherited) @executable_path/Frameworks @loader_path/Frameworks";
				MTL_ENABLE_DEBUG_INFO = YES;
				PRODUCT_BUNDLE_IDENTIFIER = de.mariusrackwitz.MRProgress;
				PRODUCT_MODULE_NAME = MRProgress;
				PRODUCT_NAME = MRProgress;
				SKIP_INSTALL = YES;
				SWIFT_ACTIVE_COMPILATION_CONDITIONS = DEBUG;
				SWIFT_OPTIMIZATION_LEVEL = "-Onone";
				SWIFT_VERSION = 2.3;
				TARGETED_DEVICE_FAMILY = "1,2";
				VERSIONING_SYSTEM = "apple-generic";
				VERSION_INFO_PREFIX = "";
			};
			name = Debug;
		};
		294E51BF1D9235E800476F35 /* Release */ = {
			isa = XCBuildConfiguration;
			buildSettings = {
				CLANG_ANALYZER_NONNULL = YES;
				CLANG_WARN_DOCUMENTATION_COMMENTS = YES;
				CLANG_WARN_INFINITE_RECURSION = YES;
				CLANG_WARN_SUSPICIOUS_MOVES = YES;
				CLANG_WARN_UNREACHABLE_CODE = YES;
				CODE_SIGN_IDENTITY = "";
				"CODE_SIGN_IDENTITY[sdk=iphoneos*]" = "iPhone Developer";
				COPY_PHASE_STRIP = NO;
				CURRENT_PROJECT_VERSION = 1;
				DEBUG_INFORMATION_FORMAT = "dwarf-with-dsym";
				DEFINES_MODULE = YES;
				DYLIB_COMPATIBILITY_VERSION = 1;
				DYLIB_CURRENT_VERSION = 1;
				DYLIB_INSTALL_NAME_BASE = "@rpath";
				ENABLE_STRICT_OBJC_MSGSEND = YES;
				GCC_NO_COMMON_BLOCKS = YES;
				GCC_WARN_UNINITIALIZED_AUTOS = YES_AGGRESSIVE;
				INFOPLIST_FILE = MRProgress/MRProgress.plist;
				INSTALL_PATH = "$(LOCAL_LIBRARY_DIR)/Frameworks";
				IPHONEOS_DEPLOYMENT_TARGET = 8.0;
				LD_RUNPATH_SEARCH_PATHS = "$(inherited) @executable_path/Frameworks @loader_path/Frameworks";
				MTL_ENABLE_DEBUG_INFO = NO;
				PRODUCT_BUNDLE_IDENTIFIER = de.mariusrackwitz.MRProgress;
				PRODUCT_MODULE_NAME = MRProgress;
				PRODUCT_NAME = MRProgress;
				SKIP_INSTALL = YES;
				SWIFT_OPTIMIZATION_LEVEL = "-Owholemodule";
				SWIFT_VERSION = 2.3;
				TARGETED_DEVICE_FAMILY = "1,2";
				VERSIONING_SYSTEM = "apple-generic";
				VERSION_INFO_PREFIX = "";
			};
			name = Release;
		};
		29925E051D923751009A0191 /* Debug */ = {
			isa = XCBuildConfiguration;
			buildSettings = {
				CLANG_ANALYZER_NONNULL = YES;
				CLANG_WARN_DOCUMENTATION_COMMENTS = YES;
				CLANG_WARN_INFINITE_RECURSION = YES;
				CLANG_WARN_SUSPICIOUS_MOVES = YES;
				CLANG_WARN_UNREACHABLE_CODE = YES;
				CODE_SIGN_IDENTITY = "";
				"CODE_SIGN_IDENTITY[sdk=iphoneos*]" = "iPhone Developer";
				CURRENT_PROJECT_VERSION = 1;
				DEBUG_INFORMATION_FORMAT = dwarf;
				DEFINES_MODULE = YES;
				DYLIB_COMPATIBILITY_VERSION = 1;
				DYLIB_CURRENT_VERSION = 1;
				DYLIB_INSTALL_NAME_BASE = "@rpath";
				ENABLE_STRICT_OBJC_MSGSEND = YES;
				FRAMEWORK_SEARCH_PATHS = (
					"$(inherited)",
					"$(PROJECT_DIR)/Carthage/Build/iOS",
				);
				GCC_NO_COMMON_BLOCKS = YES;
				GCC_WARN_UNINITIALIZED_AUTOS = YES_AGGRESSIVE;
				INFOPLIST_FILE = MRProgress/MRProgress.plist;
				INSTALL_PATH = "$(LOCAL_LIBRARY_DIR)/Frameworks";
				IPHONEOS_DEPLOYMENT_TARGET = 8.0;
				LD_RUNPATH_SEARCH_PATHS = "$(inherited) @executable_path/Frameworks @loader_path/Frameworks";
				MTL_ENABLE_DEBUG_INFO = YES;
				PRODUCT_BUNDLE_IDENTIFIER = de.mariusrackwitz.MRProgress;
				PRODUCT_MODULE_NAME = MRProgress_AFNetworking;
				PRODUCT_NAME = MRProgress_AFNetworking;
				SKIP_INSTALL = YES;
				SWIFT_ACTIVE_COMPILATION_CONDITIONS = DEBUG;
				SWIFT_OPTIMIZATION_LEVEL = "-Onone";
				SWIFT_VERSION = 2.3;
				TARGETED_DEVICE_FAMILY = "1,2";
				VERSIONING_SYSTEM = "apple-generic";
				VERSION_INFO_PREFIX = "";
			};
			name = Debug;
		};
		29925E061D923751009A0191 /* Release */ = {
			isa = XCBuildConfiguration;
			buildSettings = {
				CLANG_ANALYZER_NONNULL = YES;
				CLANG_WARN_DOCUMENTATION_COMMENTS = YES;
				CLANG_WARN_INFINITE_RECURSION = YES;
				CLANG_WARN_SUSPICIOUS_MOVES = YES;
				CLANG_WARN_UNREACHABLE_CODE = YES;
				CODE_SIGN_IDENTITY = "";
				"CODE_SIGN_IDENTITY[sdk=iphoneos*]" = "iPhone Developer";
				COPY_PHASE_STRIP = NO;
				CURRENT_PROJECT_VERSION = 1;
				DEBUG_INFORMATION_FORMAT = "dwarf-with-dsym";
				DEFINES_MODULE = YES;
				DYLIB_COMPATIBILITY_VERSION = 1;
				DYLIB_CURRENT_VERSION = 1;
				DYLIB_INSTALL_NAME_BASE = "@rpath";
				ENABLE_STRICT_OBJC_MSGSEND = YES;
				FRAMEWORK_SEARCH_PATHS = (
					"$(inherited)",
					"$(PROJECT_DIR)/Carthage/Build/iOS",
				);
				GCC_NO_COMMON_BLOCKS = YES;
				GCC_WARN_UNINITIALIZED_AUTOS = YES_AGGRESSIVE;
				INFOPLIST_FILE = MRProgress/MRProgress.plist;
				INSTALL_PATH = "$(LOCAL_LIBRARY_DIR)/Frameworks";
				IPHONEOS_DEPLOYMENT_TARGET = 8.0;
				LD_RUNPATH_SEARCH_PATHS = "$(inherited) @executable_path/Frameworks @loader_path/Frameworks";
				MTL_ENABLE_DEBUG_INFO = NO;
				PRODUCT_BUNDLE_IDENTIFIER = de.mariusrackwitz.MRProgress;
				PRODUCT_MODULE_NAME = MRProgress_AFNetworking;
				PRODUCT_NAME = MRProgress_AFNetworking;
				SKIP_INSTALL = YES;
				SWIFT_OPTIMIZATION_LEVEL = "-Owholemodule";
				SWIFT_VERSION = 2.3;
				TARGETED_DEVICE_FAMILY = "1,2";
				VERSIONING_SYSTEM = "apple-generic";
				VERSION_INFO_PREFIX = "";
			};
			name = Release;
		};
		7197CED818169F210022A19D /* Debug */ = {
			isa = XCBuildConfiguration;
			buildSettings = {
				ALWAYS_SEARCH_USER_PATHS = NO;
				CLANG_CXX_LANGUAGE_STANDARD = "gnu++0x";
				CLANG_CXX_LIBRARY = "libc++";
				CLANG_ENABLE_MODULES = YES;
				CLANG_ENABLE_OBJC_ARC = YES;
				CLANG_WARN_BOOL_CONVERSION = YES;
				CLANG_WARN_CONSTANT_CONVERSION = YES;
				CLANG_WARN_DIRECT_OBJC_ISA_USAGE = YES_ERROR;
				CLANG_WARN_EMPTY_BODY = YES;
				CLANG_WARN_ENUM_CONVERSION = YES;
				CLANG_WARN_INT_CONVERSION = YES;
				CLANG_WARN_OBJC_ROOT_CLASS = YES_ERROR;
				CLANG_WARN__DUPLICATE_METHOD_MATCH = YES;
				COPY_PHASE_STRIP = NO;
				ENABLE_TESTABILITY = YES;
				GCC_C_LANGUAGE_STANDARD = gnu99;
				GCC_DYNAMIC_NO_PIC = NO;
				GCC_OPTIMIZATION_LEVEL = 0;
				GCC_PREPROCESSOR_DEFINITIONS = (
					"DEBUG=1",
					"$(inherited)",
				);
				GCC_SYMBOLS_PRIVATE_EXTERN = NO;
				GCC_WARN_64_TO_32_BIT_CONVERSION = YES;
				GCC_WARN_ABOUT_RETURN_TYPE = YES_ERROR;
				GCC_WARN_UNDECLARED_SELECTOR = YES;
				GCC_WARN_UNINITIALIZED_AUTOS = YES;
				GCC_WARN_UNUSED_FUNCTION = YES;
				GCC_WARN_UNUSED_VARIABLE = YES;
				IPHONEOS_DEPLOYMENT_TARGET = 7.0;
				ONLY_ACTIVE_ARCH = YES;
				SDKROOT = iphoneos;
			};
			name = Debug;
		};
		7197CED918169F210022A19D /* Release */ = {
			isa = XCBuildConfiguration;
			buildSettings = {
				ALWAYS_SEARCH_USER_PATHS = NO;
				CLANG_CXX_LANGUAGE_STANDARD = "gnu++0x";
				CLANG_CXX_LIBRARY = "libc++";
				CLANG_ENABLE_MODULES = YES;
				CLANG_ENABLE_OBJC_ARC = YES;
				CLANG_WARN_BOOL_CONVERSION = YES;
				CLANG_WARN_CONSTANT_CONVERSION = YES;
				CLANG_WARN_DIRECT_OBJC_ISA_USAGE = YES_ERROR;
				CLANG_WARN_EMPTY_BODY = YES;
				CLANG_WARN_ENUM_CONVERSION = YES;
				CLANG_WARN_INT_CONVERSION = YES;
				CLANG_WARN_OBJC_ROOT_CLASS = YES_ERROR;
				CLANG_WARN__DUPLICATE_METHOD_MATCH = YES;
				COPY_PHASE_STRIP = YES;
				ENABLE_NS_ASSERTIONS = NO;
				GCC_C_LANGUAGE_STANDARD = gnu99;
				GCC_WARN_64_TO_32_BIT_CONVERSION = YES;
				GCC_WARN_ABOUT_RETURN_TYPE = YES_ERROR;
				GCC_WARN_UNDECLARED_SELECTOR = YES;
				GCC_WARN_UNINITIALIZED_AUTOS = YES;
				GCC_WARN_UNUSED_FUNCTION = YES;
				GCC_WARN_UNUSED_VARIABLE = YES;
				IPHONEOS_DEPLOYMENT_TARGET = 7.0;
				SDKROOT = iphoneos;
				VALIDATE_PRODUCT = YES;
			};
			name = Release;
		};
		7197CEDB18169F210022A19D /* Debug */ = {
			isa = XCBuildConfiguration;
			baseConfigurationReference = 7DEF625A916700BFB602AEF0 /* Pods.debug.xcconfig */;
			buildSettings = {
				DSTROOT = /tmp/MRProgress.dst;
				GCC_PRECOMPILE_PREFIX_HEADER = YES;
				GCC_PREFIX_HEADER = "MRProgress/MRProgress-Prefix.pch";
				GCC_TREAT_WARNINGS_AS_ERRORS = YES;
				OTHER_LDFLAGS = (
					"-ObjC",
					"$(inherited)",
				);
				PRODUCT_NAME = "$(TARGET_NAME)";
				SKIP_INSTALL = YES;
				WARNING_CFLAGS = (
					"-Weverything",
					"-Wno-objc-missing-property-synthesis",
					"-Wno-auto-import",
					"-Wno-direct-ivar-access",
					"-Wno-gnu",
					"-Wno-cstring-format-directive",
				);
			};
			name = Debug;
		};
		7197CEDC18169F210022A19D /* Release */ = {
			isa = XCBuildConfiguration;
			baseConfigurationReference = 5AF8C4C8C426723C443D1946 /* Pods.release.xcconfig */;
			buildSettings = {
				DSTROOT = /tmp/MRProgress.dst;
				GCC_PRECOMPILE_PREFIX_HEADER = YES;
				GCC_PREFIX_HEADER = "MRProgress/MRProgress-Prefix.pch";
				GCC_TREAT_WARNINGS_AS_ERRORS = YES;
				OTHER_LDFLAGS = (
					"-ObjC",
					"$(inherited)",
				);
				PRODUCT_NAME = "$(TARGET_NAME)";
				SKIP_INSTALL = YES;
				WARNING_CFLAGS = (
					"-Weverything",
					"-Wno-objc-missing-property-synthesis",
					"-Wno-auto-import",
					"-Wno-direct-ivar-access",
					"-Wno-gnu",
					"-Wno-cstring-format-directive",
				);
			};
			name = Release;
		};
/* End XCBuildConfiguration section */

/* Begin XCConfigurationList section */
		294E51C01D9235E800476F35 /* Build configuration list for PBXNativeTarget "MRProgress" */ = {
			isa = XCConfigurationList;
			buildConfigurations = (
				294E51BE1D9235E800476F35 /* Debug */,
				294E51BF1D9235E800476F35 /* Release */,
			);
			defaultConfigurationIsVisible = 0;
			defaultConfigurationName = Release;
		};
		29925E041D923751009A0191 /* Build configuration list for PBXNativeTarget "MRProgress-AFNetworking" */ = {
			isa = XCConfigurationList;
			buildConfigurations = (
				29925E051D923751009A0191 /* Debug */,
				29925E061D923751009A0191 /* Release */,
			);
			defaultConfigurationIsVisible = 0;
			defaultConfigurationName = Release;
		};
		7197CEB218169F210022A19D /* Build configuration list for PBXProject "MRProgress" */ = {
			isa = XCConfigurationList;
			buildConfigurations = (
				7197CED818169F210022A19D /* Debug */,
				7197CED918169F210022A19D /* Release */,
			);
			defaultConfigurationIsVisible = 0;
			defaultConfigurationName = Release;
		};
		7197CEDA18169F210022A19D /* Build configuration list for PBXNativeTarget "MRProgress-Pods" */ = {
			isa = XCConfigurationList;
			buildConfigurations = (
				7197CEDB18169F210022A19D /* Debug */,
				7197CEDC18169F210022A19D /* Release */,
			);
			defaultConfigurationIsVisible = 0;
			defaultConfigurationName = Release;
		};
/* End XCConfigurationList section */
	};
	rootObject = 7197CEAF18169F210022A19D /* Project object */;
}
